{"projectHash":"ec04c6e8a9084ba709e1ebd429ee51947be3cdf1","productModuleName":"MockLibTestTests","mockedTypeNames":["\/Users\/sebasorozco1015\/Documents\/MockLibrariesIOS\/MockLibTest\/MockLibTestTests\/MockLibTestTests.swift",["MockLibTest.MockTwoProtocol"],"\/Users\/sebasorozco1015\/Documents\/MockLibrariesIOS\/MockLibTest\/MockLibTest\/MockTwoProtocol.swift",[],"\/Users\/sebasorozco1015\/Documents\/MockLibrariesIOS\/MockLibTest\/MockLibTestTests\/BirdTest.swift",[]],"cliVersion":"0.20.0","sourceFilePaths":[{"path":"\/Users\/sebasorozco1015\/Documents\/MockLibrariesIOS\/MockLibTest\/MockLibTest\/MockTwoProtocol.swift","hash":"e52c4cadc96f6f8fd7060ded3e879d53f4d363de"},{"path":"\/Users\/sebasorozco1015\/Documents\/MockLibrariesIOS\/MockLibTest\/MockLibTestTests\/BirdTest.swift","hash":"9b31ff2e545d8fcb6a7bf960cf2046da172ade85"},{"path":"\/Users\/sebasorozco1015\/Documents\/MockLibrariesIOS\/MockLibTest\/MockLibTestTests\/MockLibTestTests.swift","hash":"8334e64e0994dc62936886de08a4d477ab58f48c"},{"path":"\/Users\/sebasorozco1015\/Documents\/MockLibrariesIOS\/MockLibTest\/MockingbirdMocks\/MockLibTestTests-MockLibTestMocks.generated.swift","hash":"69326cfebf8eb428353a6df21d05236ca8a7342f"}],"sourceRoot":"\/Users\/sebasorozco1015\/Documents\/MockLibrariesIOS\/MockLibTest","dependencies":[],"name":"MockLibTestTests"}