{"projectHash":"970c40a9761e326cce00eac1dfdc78374c6109e6","productModuleName":"MockLibTestTests","mockedTypeNames":["\/Users\/sebasorozco1015\/Documents\/MockLibrariesIOS\/MockLibTest\/MockLibTestTests\/BirdTest.swift",[],"\/Users\/sebasorozco1015\/Documents\/MockLibrariesIOS\/MockLibTest\/MockLibTest\/MockTwoProtocol.swift",[],"\/Users\/sebasorozco1015\/Documents\/MockLibrariesIOS\/MockLibTest\/MockLibTestTests\/MockLibTestTests.swift",["MockTwoProtocol","Bird"]],"cliVersion":"0.20.0","sourceFilePaths":[{"path":"\/Users\/sebasorozco1015\/Documents\/MockLibrariesIOS\/MockLibTest\/MockLibTest\/MockTwoProtocol.swift","hash":"0c83ca43d7475585dd670b12fc200d0c599dda17"},{"path":"\/Users\/sebasorozco1015\/Documents\/MockLibrariesIOS\/MockLibTest\/MockLibTestTests\/BirdTest.swift","hash":"9b31ff2e545d8fcb6a7bf960cf2046da172ade85"},{"path":"\/Users\/sebasorozco1015\/Documents\/MockLibrariesIOS\/MockLibTest\/MockLibTestTests\/MockLibTestTests.swift","hash":"df206403d05df295e5f83354c88f987976bdcb0c"},{"path":"\/Users\/sebasorozco1015\/Documents\/MockLibrariesIOS\/MockLibTest\/MockingbirdMocks\/MockLibTestTests-MockLibTestMocks.generated.swift","hash":"1dd24966452cf06e2f8e7ca5329efc979cd1f800"}],"sourceRoot":"\/Users\/sebasorozco1015\/Documents\/MockLibrariesIOS\/MockLibTest","dependencies":[],"name":"MockLibTestTests"}