// !$*UTF8*$!
{
	archiveVersion = 1;
	classes = {
	};
	objectVersion = 56;
	objects = {

/* Begin PBXBuildFile section */
		62D4800A2B31E73100771E2F /* MockLibTestApp.swift in Sources */ = {isa = PBXBuildFile; fileRef = 62D480092B31E73100771E2F /* MockLibTestApp.swift */; };
		62D4800C2B31E73100771E2F /* ContentView.swift in Sources */ = {isa = PBXBuildFile; fileRef = 62D4800B2B31E73100771E2F /* ContentView.swift */; };
		62D4800E2B31E73300771E2F /* Assets.xcassets in Resources */ = {isa = PBXBuildFile; fileRef = 62D4800D2B31E73300771E2F /* Assets.xcassets */; };
		62D480122B31E73300771E2F /* Preview Assets.xcassets in Resources */ = {isa = PBXBuildFile; fileRef = 62D480112B31E73300771E2F /* Preview Assets.xcassets */; };
		62D4801C2B31E73300771E2F /* MockLibTestTests.swift in Sources */ = {isa = PBXBuildFile; fileRef = 62D4801B2B31E73300771E2F /* MockLibTestTests.swift */; };
		62D480262B31E73300771E2F /* MockLibTestUITests.swift in Sources */ = {isa = PBXBuildFile; fileRef = 62D480252B31E73300771E2F /* MockLibTestUITests.swift */; };
		62D480282B31E73300771E2F /* MockLibTestUITestsLaunchTests.swift in Sources */ = {isa = PBXBuildFile; fileRef = 62D480272B31E73300771E2F /* MockLibTestUITestsLaunchTests.swift */; };
/* End PBXBuildFile section */

/* Begin PBXContainerItemProxy section */
		62D480182B31E73300771E2F /* PBXContainerItemProxy */ = {
			isa = PBXContainerItemProxy;
			containerPortal = 62D47FFE2B31E73100771E2F /* Project object */;
			proxyType = 1;
			remoteGlobalIDString = 62D480052B31E73100771E2F;
			remoteInfo = MockLibTest;
		};
		62D480222B31E73300771E2F /* PBXContainerItemProxy */ = {
			isa = PBXContainerItemProxy;
			containerPortal = 62D47FFE2B31E73100771E2F /* Project object */;
			proxyType = 1;
			remoteGlobalIDString = 62D480052B31E73100771E2F;
			remoteInfo = MockLibTest;
		};
/* End PBXContainerItemProxy section */

/* Begin PBXFileReference section */
		62D480062B31E73100771E2F /* MockLibTest.app */ = {isa = PBXFileReference; explicitFileType = wrapper.application; includeInIndex = 0; path = MockLibTest.app; sourceTree = BUILT_PRODUCTS_DIR; };
		62D480092B31E73100771E2F /* MockLibTestApp.swift */ = {isa = PBXFileReference; lastKnownFileType = sourcecode.swift; path = MockLibTestApp.swift; sourceTree = "<group>"; };
		62D4800B2B31E73100771E2F /* ContentView.swift */ = {isa = PBXFileReference; lastKnownFileType = sourcecode.swift; path = ContentView.swift; sourceTree = "<group>"; };
		62D4800D2B31E73300771E2F /* Assets.xcassets */ = {isa = PBXFileReference; lastKnownFileType = folder.assetcatalog; path = Assets.xcassets; sourceTree = "<group>"; };
		62D4800F2B31E73300771E2F /* MockLibTest.entitlements */ = {isa = PBXFileReference; lastKnownFileType = text.plist.entitlements; path = MockLibTest.entitlements; sourceTree = "<group>"; };
		62D480112B31E73300771E2F /* Preview Assets.xcassets */ = {isa = PBXFileReference; lastKnownFileType = folder.assetcatalog; path = "Preview Assets.xcassets"; sourceTree = "<group>"; };
		62D480172B31E73300771E2F /* MockLibTestTests.xctest */ = {isa = PBXFileReference; explicitFileType = wrapper.cfbundle; includeInIndex = 0; path = MockLibTestTests.xctest; sourceTree = BUILT_PRODUCTS_DIR; };
		62D4801B2B31E73300771E2F /* MockLibTestTests.swift */ = {isa = PBXFileReference; lastKnownFileType = sourcecode.swift; path = MockLibTestTests.swift; sourceTree = "<group>"; };
		62D480212B31E73300771E2F /* MockLibTestUITests.xctest */ = {isa = PBXFileReference; explicitFileType = wrapper.cfbundle; includeInIndex = 0; path = MockLibTestUITests.xctest; sourceTree = BUILT_PRODUCTS_DIR; };
		62D480252B31E73300771E2F /* MockLibTestUITests.swift */ = {isa = PBXFileReference; lastKnownFileType = sourcecode.swift; path = MockLibTestUITests.swift; sourceTree = "<group>"; };
		62D480272B31E73300771E2F /* MockLibTestUITestsLaunchTests.swift */ = {isa = PBXFileReference; lastKnownFileType = sourcecode.swift; path = MockLibTestUITestsLaunchTests.swift; sourceTree = "<group>"; };
/* End PBXFileReference section */

/* Begin PBXFrameworksBuildPhase section */
		62D480032B31E73100771E2F /* Frameworks */ = {
			isa = PBXFrameworksBuildPhase;
			buildActionMask = 2147483647;
			files = (
			);
			runOnlyForDeploymentPostprocessing = 0;
		};
		62D480142B31E73300771E2F /* Frameworks */ = {
			isa = PBXFrameworksBuildPhase;
			buildActionMask = 2147483647;
			files = (
			);
			runOnlyForDeploymentPostprocessing = 0;
		};
		62D4801E2B31E73300771E2F /* Frameworks */ = {
			isa = PBXFrameworksBuildPhase;
			buildActionMask = 2147483647;
			files = (
			);
			runOnlyForDeploymentPostprocessing = 0;
		};
/* End PBXFrameworksBuildPhase section */

/* Begin PBXGroup section */
		62D47FFD2B31E73100771E2F = {
			isa = PBXGroup;
			children = (
				62D480082B31E73100771E2F /* MockLibTest */,
				62D4801A2B31E73300771E2F /* MockLibTestTests */,
				62D480242B31E73300771E2F /* MockLibTestUITests */,
				62D480072B31E73100771E2F /* Products */,
			);
			sourceTree = "<group>";
		};
		62D480072B31E73100771E2F /* Products */ = {
			isa = PBXGroup;
			children = (
				62D480062B31E73100771E2F /* MockLibTest.app */,
				62D480172B31E73300771E2F /* MockLibTestTests.xctest */,
				62D480212B31E73300771E2F /* MockLibTestUITests.xctest */,
			);
			name = Products;
			sourceTree = "<group>";
		};
		62D480082B31E73100771E2F /* MockLibTest */ = {
			isa = PBXGroup;
			children = (
				62D480092B31E73100771E2F /* MockLibTestApp.swift */,
				62D4800B2B31E73100771E2F /* ContentView.swift */,
				62D4800D2B31E73300771E2F /* Assets.xcassets */,
				62D4800F2B31E73300771E2F /* MockLibTest.entitlements */,
				62D480102B31E73300771E2F /* Preview Content */,
			);
			path = MockLibTest;
			sourceTree = "<group>";
		};
		62D480102B31E73300771E2F /* Preview Content */ = {
			isa = PBXGroup;
			children = (
				62D480112B31E73300771E2F /* Preview Assets.xcassets */,
			);
			path = "Preview Content";
			sourceTree = "<group>";
		};
		62D4801A2B31E73300771E2F /* MockLibTestTests */ = {
			isa = PBXGroup;
			children = (
				62D4801B2B31E73300771E2F /* MockLibTestTests.swift */,
			);
			path = MockLibTestTests;
			sourceTree = "<group>";
		};
		62D480242B31E73300771E2F /* MockLibTestUITests */ = {
			isa = PBXGroup;
			children = (
				62D480252B31E73300771E2F /* MockLibTestUITests.swift */,
				62D480272B31E73300771E2F /* MockLibTestUITestsLaunchTests.swift */,
			);
			path = MockLibTestUITests;
			sourceTree = "<group>";
		};
/* End PBXGroup section */

/* Begin PBXNativeTarget section */
		62D480052B31E73100771E2F /* MockLibTest */ = {
			isa = PBXNativeTarget;
			buildConfigurationList = 62D4802B2B31E73300771E2F /* Build configuration list for PBXNativeTarget "MockLibTest" */;
			buildPhases = (
				62D480022B31E73100771E2F /* Sources */,
				62D480032B31E73100771E2F /* Frameworks */,
				62D480042B31E73100771E2F /* Resources */,
			);
			buildRules = (
			);
			dependencies = (
			);
			name = MockLibTest;
			productName = MockLibTest;
			productReference = 62D480062B31E73100771E2F /* MockLibTest.app */;
			productType = "com.apple.product-type.application";
		};
		62D480162B31E73300771E2F /* MockLibTestTests */ = {
			isa = PBXNativeTarget;
			buildConfigurationList = 62D4802E2B31E73300771E2F /* Build configuration list for PBXNativeTarget "MockLibTestTests" */;
			buildPhases = (
				62D480132B31E73300771E2F /* Sources */,
				62D480142B31E73300771E2F /* Frameworks */,
				62D480152B31E73300771E2F /* Resources */,
			);
			buildRules = (
			);
			dependencies = (
				62D480192B31E73300771E2F /* PBXTargetDependency */,
			);
			name = MockLibTestTests;
			productName = MockLibTestTests;
			productReference = 62D480172B31E73300771E2F /* MockLibTestTests.xctest */;
			productType = "com.apple.product-type.bundle.unit-test";
		};
		62D480202B31E73300771E2F /* MockLibTestUITests */ = {
			isa = PBXNativeTarget;
			buildConfigurationList = 62D480312B31E73300771E2F /* Build configuration list for PBXNativeTarget "MockLibTestUITests" */;
			buildPhases = (
				62D4801D2B31E73300771E2F /* Sources */,
				62D4801E2B31E73300771E2F /* Frameworks */,
				62D4801F2B31E73300771E2F /* Resources */,
			);
			buildRules = (
			);
			dependencies = (
				62D480232B31E73300771E2F /* PBXTargetDependency */,
			);
			name = MockLibTestUITests;
			productName = MockLibTestUITests;
			productReference = 62D480212B31E73300771E2F /* MockLibTestUITests.xctest */;
			productType = "com.apple.product-type.bundle.ui-testing";
		};
/* End PBXNativeTarget section */

/* Begin PBXProject section */
		62D47FFE2B31E73100771E2F /* Project object */ = {
			isa = PBXProject;
			attributes = {
				BuildIndependentTargetsInParallel = 1;
				LastSwiftUpdateCheck = 1510;
				LastUpgradeCheck = 1510;
				TargetAttributes = {
					62D480052B31E73100771E2F = {
						CreatedOnToolsVersion = 15.1;
					};
					62D480162B31E73300771E2F = {
						CreatedOnToolsVersion = 15.1;
						TestTargetID = 62D480052B31E73100771E2F;
					};
					62D480202B31E73300771E2F = {
						CreatedOnToolsVersion = 15.1;
						TestTargetID = 62D480052B31E73100771E2F;
					};
				};
			};
			buildConfigurationList = 62D480012B31E73100771E2F /* Build configuration list for PBXProject "MockLibTest" */;
			compatibilityVersion = "Xcode 14.0";
			developmentRegion = en;
			hasScannedForEncodings = 0;
			knownRegions = (
				en,
				Base,
			);
			mainGroup = 62D47FFD2B31E73100771E2F;
			productRefGroup = 62D480072B31E73100771E2F /* Products */;
			projectDirPath = "";
			projectRoot = "";
			targets = (
				62D480052B31E73100771E2F /* MockLibTest */,
				62D480162B31E73300771E2F /* MockLibTestTests */,
				62D480202B31E73300771E2F /* MockLibTestUITests */,
			);
		};
/* End PBXProject section */

/* Begin PBXResourcesBuildPhase section */
		62D480042B31E73100771E2F /* Resources */ = {
			isa = PBXResourcesBuildPhase;
			buildActionMask = 2147483647;
			files = (
				62D480122B31E73300771E2F /* Preview Assets.xcassets in Resources */,
				62D4800E2B31E73300771E2F /* Assets.xcassets in Resources */,
			);
			runOnlyForDeploymentPostprocessing = 0;
		};
		62D480152B31E73300771E2F /* Resources */ = {
			isa = PBXResourcesBuildPhase;
			buildActionMask = 2147483647;
			files = (
			);
			runOnlyForDeploymentPostprocessing = 0;
		};
		62D4801F2B31E73300771E2F /* Resources */ = {
			isa = PBXResourcesBuildPhase;
			buildActionMask = 2147483647;
			files = (
			);
			runOnlyForDeploymentPostprocessing = 0;
		};
/* End PBXResourcesBuildPhase section */

/* Begin PBXSourcesBuildPhase section */
		62D480022B31E73100771E2F /* Sources */ = {
			isa = PBXSourcesBuildPhase;
			buildActionMask = 2147483647;
			files = (
				62D4800C2B31E73100771E2F /* ContentView.swift in Sources */,
				62D4800A2B31E73100771E2F /* MockLibTestApp.swift in Sources */,
			);
			runOnlyForDeploymentPostprocessing = 0;
		};
		62D480132B31E73300771E2F /* Sources */ = {
			isa = PBXSourcesBuildPhase;
			buildActionMask = 2147483647;
			files = (
				62D4801C2B31E73300771E2F /* MockLibTestTests.swift in Sources */,
			);
			runOnlyForDeploymentPostprocessing = 0;
		};
		62D4801D2B31E73300771E2F /* Sources */ = {
			isa = PBXSourcesBuildPhase;
			buildActionMask = 2147483647;
			files = (
				62D480282B31E73300771E2F /* MockLibTestUITestsLaunchTests.swift in Sources */,
				62D480262B31E73300771E2F /* MockLibTestUITests.swift in Sources */,
			);
			runOnlyForDeploymentPostprocessing = 0;
		};
/* End PBXSourcesBuildPhase section */

/* Begin PBXTargetDependency section */
		62D480192B31E73300771E2F /* PBXTargetDependency */ = {
			isa = PBXTargetDependency;
			target = 62D480052B31E73100771E2F /* MockLibTest */;
			targetProxy = 62D480182B31E73300771E2F /* PBXContainerItemProxy */;
		};
		62D480232B31E73300771E2F /* PBXTargetDependency */ = {
			isa = PBXTargetDependency;
			target = 62D480052B31E73100771E2F /* MockLibTest */;
			targetProxy = 62D480222B31E73300771E2F /* PBXContainerItemProxy */;
		};
/* End PBXTargetDependency section */

/* Begin XCBuildConfiguration section */
		62D480292B31E73300771E2F /* Debug */ = {
			isa = XCBuildConfiguration;
			buildSettings = {
				ALWAYS_SEARCH_USER_PATHS = NO;
				ASSETCATALOG_COMPILER_GENERATE_SWIFT_ASSET_SYMBOL_EXTENSIONS = YES;
				CLANG_ANALYZER_NONNULL = YES;
				CLANG_ANALYZER_NUMBER_OBJECT_CONVERSION = YES_AGGRESSIVE;
				CLANG_CXX_LANGUAGE_STANDARD = "gnu++20";
				CLANG_ENABLE_MODULES = YES;
				CLANG_ENABLE_OBJC_ARC = YES;
				CLANG_ENABLE_OBJC_WEAK = YES;
				CLANG_WARN_BLOCK_CAPTURE_AUTORELEASING = YES;
				CLANG_WARN_BOOL_CONVERSION = YES;
				CLANG_WARN_COMMA = YES;
				CLANG_WARN_CONSTANT_CONVERSION = YES;
				CLANG_WARN_DEPRECATED_OBJC_IMPLEMENTATIONS = YES;
				CLANG_WARN_DIRECT_OBJC_ISA_USAGE = YES_ERROR;
				CLANG_WARN_DOCUMENTATION_COMMENTS = YES;
				CLANG_WARN_EMPTY_BODY = YES;
				CLANG_WARN_ENUM_CONVERSION = YES;
				CLANG_WARN_INFINITE_RECURSION = YES;
				CLANG_WARN_INT_CONVERSION = YES;
				CLANG_WARN_NON_LITERAL_NULL_CONVERSION = YES;
				CLANG_WARN_OBJC_IMPLICIT_RETAIN_SELF = YES;
				CLANG_WARN_OBJC_LITERAL_CONVERSION = YES;
				CLANG_WARN_OBJC_ROOT_CLASS = YES_ERROR;
				CLANG_WARN_QUOTED_INCLUDE_IN_FRAMEWORK_HEADER = YES;
				CLANG_WARN_RANGE_LOOP_ANALYSIS = YES;
				CLANG_WARN_STRICT_PROTOTYPES = YES;
				CLANG_WARN_SUSPICIOUS_MOVE = YES;
				CLANG_WARN_UNGUARDED_AVAILABILITY = YES_AGGRESSIVE;
				CLANG_WARN_UNREACHABLE_CODE = YES;
				CLANG_WARN__DUPLICATE_METHOD_MATCH = YES;
				COPY_PHASE_STRIP = NO;
				DEBUG_INFORMATION_FORMAT = dwarf;
				ENABLE_STRICT_OBJC_MSGSEND = YES;
				ENABLE_TESTABILITY = YES;
				ENABLE_USER_SCRIPT_SANDBOXING = YES;
				GCC_C_LANGUAGE_STANDARD = gnu17;
				GCC_DYNAMIC_NO_PIC = NO;
				GCC_NO_COMMON_BLOCKS = YES;
				GCC_OPTIMIZATION_LEVEL = 0;
				GCC_PREPROCESSOR_DEFINITIONS = (
					"DEBUG=1",
					"$(inherited)",
				);
				GCC_WARN_64_TO_32_BIT_CONVERSION = YES;
				GCC_WARN_ABOUT_RETURN_TYPE = YES_ERROR;
				GCC_WARN_UNDECLARED_SELECTOR = YES;
				GCC_WARN_UNINITIALIZED_AUTOS = YES_AGGRESSIVE;
				GCC_WARN_UNUSED_FUNCTION = YES;
				GCC_WARN_UNUSED_VARIABLE = YES;
				LOCALIZATION_PREFERS_STRING_CATALOGS = YES;
				MTL_ENABLE_DEBUG_INFO = INCLUDE_SOURCE;
				MTL_FAST_MATH = YES;
				ONLY_ACTIVE_ARCH = YES;
				SWIFT_ACTIVE_COMPILATION_CONDITIONS = "DEBUG $(inherited)";
				SWIFT_OPTIMIZATION_LEVEL = "-Onone";
			};
			name = Debug;
		};
		62D4802A2B31E73300771E2F /* Release */ = {
			isa = XCBuildConfiguration;
			buildSettings = {
				ALWAYS_SEARCH_USER_PATHS = NO;
				ASSETCATALOG_COMPILER_GENERATE_SWIFT_ASSET_SYMBOL_EXTENSIONS = YES;
				CLANG_ANALYZER_NONNULL = YES;
				CLANG_ANALYZER_NUMBER_OBJECT_CONVERSION = YES_AGGRESSIVE;
				CLANG_CXX_LANGUAGE_STANDARD = "gnu++20";
				CLANG_ENABLE_MODULES = YES;
				CLANG_ENABLE_OBJC_ARC = YES;
				CLANG_ENABLE_OBJC_WEAK = YES;
				CLANG_WARN_BLOCK_CAPTURE_AUTORELEASING = YES;
				CLANG_WARN_BOOL_CONVERSION = YES;
				CLANG_WARN_COMMA = YES;
				CLANG_WARN_CONSTANT_CONVERSION = YES;
				CLANG_WARN_DEPRECATED_OBJC_IMPLEMENTATIONS = YES;
				CLANG_WARN_DIRECT_OBJC_ISA_USAGE = YES_ERROR;
				CLANG_WARN_DOCUMENTATION_COMMENTS = YES;
				CLANG_WARN_EMPTY_BODY = YES;
				CLANG_WARN_ENUM_CONVERSION = YES;
				CLANG_WARN_INFINITE_RECURSION = YES;
				CLANG_WARN_INT_CONVERSION = YES;
				CLANG_WARN_NON_LITERAL_NULL_CONVERSION = YES;
				CLANG_WARN_OBJC_IMPLICIT_RETAIN_SELF = YES;
				CLANG_WARN_OBJC_LITERAL_CONVERSION = YES;
				CLANG_WARN_OBJC_ROOT_CLASS = YES_ERROR;
				CLANG_WARN_QUOTED_INCLUDE_IN_FRAMEWORK_HEADER = YES;
				CLANG_WARN_RANGE_LOOP_ANALYSIS = YES;
				CLANG_WARN_STRICT_PROTOTYPES = YES;
				CLANG_WARN_SUSPICIOUS_MOVE = YES;
				CLANG_WARN_UNGUARDED_AVAILABILITY = YES_AGGRESSIVE;
				CLANG_WARN_UNREACHABLE_CODE = YES;
				CLANG_WARN__DUPLICATE_METHOD_MATCH = YES;
				COPY_PHASE_STRIP = NO;
				DEBUG_INFORMATION_FORMAT = "dwarf-with-dsym";
				ENABLE_NS_ASSERTIONS = NO;
				ENABLE_STRICT_OBJC_MSGSEND = YES;
				ENABLE_USER_SCRIPT_SANDBOXING = YES;
				GCC_C_LANGUAGE_STANDARD = gnu17;
				GCC_NO_COMMON_BLOCKS = YES;
				GCC_WARN_64_TO_32_BIT_CONVERSION = YES;
				GCC_WARN_ABOUT_RETURN_TYPE = YES_ERROR;
				GCC_WARN_UNDECLARED_SELECTOR = YES;
				GCC_WARN_UNINITIALIZED_AUTOS = YES_AGGRESSIVE;
				GCC_WARN_UNUSED_FUNCTION = YES;
				GCC_WARN_UNUSED_VARIABLE = YES;
				LOCALIZATION_PREFERS_STRING_CATALOGS = YES;
				MTL_ENABLE_DEBUG_INFO = NO;
				MTL_FAST_MATH = YES;
				SWIFT_COMPILATION_MODE = wholemodule;
			};
			name = Release;
		};
		62D4802C2B31E73300771E2F /* Debug */ = {
			isa = XCBuildConfiguration;
			buildSettings = {
				ASSETCATALOG_COMPILER_APPICON_NAME = AppIcon;
				ASSETCATALOG_COMPILER_GLOBAL_ACCENT_COLOR_NAME = AccentColor;
				CODE_SIGN_ENTITLEMENTS = MockLibTest/MockLibTest.entitlements;
				CODE_SIGN_STYLE = Automatic;
				CURRENT_PROJECT_VERSION = 1;
				DEVELOPMENT_ASSET_PATHS = "\"MockLibTest/Preview Content\"";
				DEVELOPMENT_TEAM = DL552W75KL;
				ENABLE_HARDENED_RUNTIME = YES;
				ENABLE_PREVIEWS = YES;
				GENERATE_INFOPLIST_FILE = YES;
				"INFOPLIST_KEY_UIApplicationSceneManifest_Generation[sdk=iphoneos*]" = YES;
				"INFOPLIST_KEY_UIApplicationSceneManifest_Generation[sdk=iphonesimulator*]" = YES;
				"INFOPLIST_KEY_UIApplicationSupportsIndirectInputEvents[sdk=iphoneos*]" = YES;
				"INFOPLIST_KEY_UIApplicationSupportsIndirectInputEvents[sdk=iphonesimulator*]" = YES;
				"INFOPLIST_KEY_UILaunchScreen_Generation[sdk=iphoneos*]" = YES;
				"INFOPLIST_KEY_UILaunchScreen_Generation[sdk=iphonesimulator*]" = YES;
				"INFOPLIST_KEY_UIStatusBarStyle[sdk=iphoneos*]" = UIStatusBarStyleDefault;
				"INFOPLIST_KEY_UIStatusBarStyle[sdk=iphonesimulator*]" = UIStatusBarStyleDefault;
				INFOPLIST_KEY_UISupportedInterfaceOrientations_iPad = "UIInterfaceOrientationPortrait UIInterfaceOrientationPortraitUpsideDown UIInterfaceOrientationLandscapeLeft UIInterfaceOrientationLandscapeRight";
				INFOPLIST_KEY_UISupportedInterfaceOrientations_iPhone = "UIInterfaceOrientationPortrait UIInterfaceOrientationLandscapeLeft UIInterfaceOrientationLandscapeRight";
				IPHONEOS_DEPLOYMENT_TARGET = 17.2;
				LD_RUNPATH_SEARCH_PATHS = "@executable_path/Frameworks";
				"LD_RUNPATH_SEARCH_PATHS[sdk=macosx*]" = "@executable_path/../Frameworks";
				MACOSX_DEPLOYMENT_TARGET = 13.5;
				MARKETING_VERSION = 1.0;
				PRODUCT_BUNDLE_IDENTIFIER = com.sebasorozco.mockingbird.MockLibTest;
				PRODUCT_NAME = "$(TARGET_NAME)";
				SDKROOT = auto;
				SUPPORTED_PLATFORMS = "iphoneos iphonesimulator macosx";
				SWIFT_EMIT_LOC_STRINGS = YES;
				SWIFT_VERSION = 5.0;
				TARGETED_DEVICE_FAMILY = "1,2";
			};
			name = Debug;
		};
		62D4802D2B31E73300771E2F /* Release */ = {
			isa = XCBuildConfiguration;
			buildSettings = {
				ASSETCATALOG_COMPILER_APPICON_NAME = AppIcon;
				ASSETCATALOG_COMPILER_GLOBAL_ACCENT_COLOR_NAME = AccentColor;
				CODE_SIGN_ENTITLEMENTS = MockLibTest/MockLibTest.entitlements;
				CODE_SIGN_STYLE = Automatic;
				CURRENT_PROJECT_VERSION = 1;
				DEVELOPMENT_ASSET_PATHS = "\"MockLibTest/Preview Content\"";
				DEVELOPMENT_TEAM = DL552W75KL;
				ENABLE_HARDENED_RUNTIME = YES;
				ENABLE_PREVIEWS = YES;
				GENERATE_INFOPLIST_FILE = YES;
				"INFOPLIST_KEY_UIApplicationSceneManifest_Generation[sdk=iphoneos*]" = YES;
				"INFOPLIST_KEY_UIApplicationSceneManifest_Generation[sdk=iphonesimulator*]" = YES;
				"INFOPLIST_KEY_UIApplicationSupportsIndirectInputEvents[sdk=iphoneos*]" = YES;
				"INFOPLIST_KEY_UIApplicationSupportsIndirectInputEvents[sdk=iphonesimulator*]" = YES;
				"INFOPLIST_KEY_UILaunchScreen_Generation[sdk=iphoneos*]" = YES;
				"INFOPLIST_KEY_UILaunchScreen_Generation[sdk=iphonesimulator*]" = YES;
				"INFOPLIST_KEY_UIStatusBarStyle[sdk=iphoneos*]" = UIStatusBarStyleDefault;
				"INFOPLIST_KEY_UIStatusBarStyle[sdk=iphonesimulator*]" = UIStatusBarStyleDefault;
				INFOPLIST_KEY_UISupportedInterfaceOrientations_iPad = "UIInterfaceOrientationPortrait UIInterfaceOrientationPortraitUpsideDown UIInterfaceOrientationLandscapeLeft UIInterfaceOrientationLandscapeRight";
				INFOPLIST_KEY_UISupportedInterfaceOrientations_iPhone = "UIInterfaceOrientationPortrait UIInterfaceOrientationLandscapeLeft UIInterfaceOrientationLandscapeRight";
				IPHONEOS_DEPLOYMENT_TARGET = 17.2;
				LD_RUNPATH_SEARCH_PATHS = "@executable_path/Frameworks";
				"LD_RUNPATH_SEARCH_PATHS[sdk=macosx*]" = "@executable_path/../Frameworks";
				MACOSX_DEPLOYMENT_TARGET = 13.5;
				MARKETING_VERSION = 1.0;
				PRODUCT_BUNDLE_IDENTIFIER = com.sebasorozco.mockingbird.MockLibTest;
				PRODUCT_NAME = "$(TARGET_NAME)";
				SDKROOT = auto;
				SUPPORTED_PLATFORMS = "iphoneos iphonesimulator macosx";
				SWIFT_EMIT_LOC_STRINGS = YES;
				SWIFT_VERSION = 5.0;
				TARGETED_DEVICE_FAMILY = "1,2";
			};
			name = Release;
		};
		62D4802F2B31E73300771E2F /* Debug */ = {
			isa = XCBuildConfiguration;
			buildSettings = {
				ALWAYS_EMBED_SWIFT_STANDARD_LIBRARIES = YES;
				BUNDLE_LOADER = "$(TEST_HOST)";
				CODE_SIGN_STYLE = Automatic;
				CURRENT_PROJECT_VERSION = 1;
				DEVELOPMENT_TEAM = DL552W75KL;
				GENERATE_INFOPLIST_FILE = YES;
				IPHONEOS_DEPLOYMENT_TARGET = 17.2;
				MACOSX_DEPLOYMENT_TARGET = 13.5;
				MARKETING_VERSION = 1.0;
				PRODUCT_BUNDLE_IDENTIFIER = com.sebasorozco.mockingbird.MockLibTestTests;
				PRODUCT_NAME = "$(TARGET_NAME)";
				SDKROOT = auto;
				SUPPORTED_PLATFORMS = "iphoneos iphonesimulator macosx";
				SWIFT_EMIT_LOC_STRINGS = NO;
				SWIFT_VERSION = 5.0;
				TARGETED_DEVICE_FAMILY = "1,2";
				TEST_HOST = "$(BUILT_PRODUCTS_DIR)/MockLibTest.app/$(BUNDLE_EXECUTABLE_FOLDER_PATH)/MockLibTest";
			};
			name = Debug;
		};
		62D480302B31E73300771E2F /* Release */ = {
			isa = XCBuildConfiguration;
			buildSettings = {
				ALWAYS_EMBED_SWIFT_STANDARD_LIBRARIES = YES;
				BUNDLE_LOADER = "$(TEST_HOST)";
				CODE_SIGN_STYLE = Automatic;
				CURRENT_PROJECT_VERSION = 1;
				DEVELOPMENT_TEAM = DL552W75KL;
				GENERATE_INFOPLIST_FILE = YES;
				IPHONEOS_DEPLOYMENT_TARGET = 17.2;
				MACOSX_DEPLOYMENT_TARGET = 13.5;
				MARKETING_VERSION = 1.0;
				PRODUCT_BUNDLE_IDENTIFIER = com.sebasorozco.mockingbird.MockLibTestTests;
				PRODUCT_NAME = "$(TARGET_NAME)";
				SDKROOT = auto;
				SUPPORTED_PLATFORMS = "iphoneos iphonesimulator macosx";
				SWIFT_EMIT_LOC_STRINGS = NO;
				SWIFT_VERSION = 5.0;
				TARGETED_DEVICE_FAMILY = "1,2";
				TEST_HOST = "$(BUILT_PRODUCTS_DIR)/MockLibTest.app/$(BUNDLE_EXECUTABLE_FOLDER_PATH)/MockLibTest";
			};
			name = Release;
		};
		62D480322B31E73300771E2F /* Debug */ = {
			isa = XCBuildConfiguration;
			buildSettings = {
				ALWAYS_EMBED_SWIFT_STANDARD_LIBRARIES = YES;
				CODE_SIGN_STYLE = Automatic;
				CURRENT_PROJECT_VERSION = 1;
				DEVELOPMENT_TEAM = DL552W75KL;
				GENERATE_INFOPLIST_FILE = YES;
				IPHONEOS_DEPLOYMENT_TARGET = 17.2;
				MACOSX_DEPLOYMENT_TARGET = 13.5;
				MARKETING_VERSION = 1.0;
				PRODUCT_BUNDLE_IDENTIFIER = com.sebasorozco.mockingbird.MockLibTestUITests;
				PRODUCT_NAME = "$(TARGET_NAME)";
				SDKROOT = auto;
				SUPPORTED_PLATFORMS = "iphoneos iphonesimulator macosx";
				SWIFT_EMIT_LOC_STRINGS = NO;
				SWIFT_VERSION = 5.0;
				TARGETED_DEVICE_FAMILY = "1,2";
				TEST_TARGET_NAME = MockLibTest;
			};
			name = Debug;
		};
		62D480332B31E73300771E2F /* Release */ = {
			isa = XCBuildConfiguration;
			buildSettings = {
				ALWAYS_EMBED_SWIFT_STANDARD_LIBRARIES = YES;
				CODE_SIGN_STYLE = Automatic;
				CURRENT_PROJECT_VERSION = 1;
				DEVELOPMENT_TEAM = DL552W75KL;
				GENERATE_INFOPLIST_FILE = YES;
				IPHONEOS_DEPLOYMENT_TARGET = 17.2;
				MACOSX_DEPLOYMENT_TARGET = 13.5;
				MARKETING_VERSION = 1.0;
				PRODUCT_BUNDLE_IDENTIFIER = com.sebasorozco.mockingbird.MockLibTestUITests;
				PRODUCT_NAME = "$(TARGET_NAME)";
				SDKROOT = auto;
				SUPPORTED_PLATFORMS = "iphoneos iphonesimulator macosx";
				SWIFT_EMIT_LOC_STRINGS = NO;
				SWIFT_VERSION = 5.0;
				TARGETED_DEVICE_FAMILY = "1,2";
				TEST_TARGET_NAME = MockLibTest;
			};
			name = Release;
		};
/* End XCBuildConfiguration section */

/* Begin XCConfigurationList section */
		62D480012B31E73100771E2F /* Build configuration list for PBXProject "MockLibTest" */ = {
			isa = XCConfigurationList;
			buildConfigurations = (
				62D480292B31E73300771E2F /* Debug */,
				62D4802A2B31E73300771E2F /* Release */,
			);
			defaultConfigurationIsVisible = 0;
			defaultConfigurationName = Release;
		};
		62D4802B2B31E73300771E2F /* Build configuration list for PBXNativeTarget "MockLibTest" */ = {
			isa = XCConfigurationList;
			buildConfigurations = (
				62D4802C2B31E73300771E2F /* Debug */,
				62D4802D2B31E73300771E2F /* Release */,
			);
			defaultConfigurationIsVisible = 0;
			defaultConfigurationName = Release;
		};
		62D4802E2B31E73300771E2F /* Build configuration list for PBXNativeTarget "MockLibTestTests" */ = {
			isa = XCConfigurationList;
			buildConfigurations = (
				62D4802F2B31E73300771E2F /* Debug */,
				62D480302B31E73300771E2F /* Release */,
			);
			defaultConfigurationIsVisible = 0;
			defaultConfigurationName = Release;
		};
		62D480312B31E73300771E2F /* Build configuration list for PBXNativeTarget "MockLibTestUITests" */ = {
			isa = XCConfigurationList;
			buildConfigurations = (
				62D480322B31E73300771E2F /* Debug */,
				62D480332B31E73300771E2F /* Release */,
			);
			defaultConfigurationIsVisible = 0;
			defaultConfigurationName = Release;
		};
/* End XCConfigurationList section */
	};
	rootObject = 62D47FFE2B31E73100771E2F /* Project object */;
}
